
Microsoft Visual Studio Solution File, Format Version 12.00
# Visual Studio Version 17
VisualStudioVersion = 17.6.33815.320
MinimumVisualStudioVersion = 10.0.40219.1
Project("{FAE04EC0-301F-11D3-BF4B-00C04F79EFBC}") = "TesMandiri", "TesMandiri\TesMandiri.csproj", "{7F3AD1CF-F64E-4CCE-A3DC-7D9BCA833C63}"
EndProject
Global
	GlobalSection(SolutionConfigurationPlatforms) = preSolution
		Debug|Any CPU = Debug|Any CPU
		Release|Any CPU = Release|Any CPU
	EndGlobalSection
	GlobalSection(ProjectConfigurationPlatforms) = postSolution
		{7F3AD1CF-F64E-4CCE-A3DC-7D9BCA833C63}.Debug|Any CPU.ActiveCfg = Debug|Any CPU
		{7F3AD1CF-F64E-4CCE-A3DC-7D9BCA833C63}.Debug|Any CPU.Build.0 = Debug|Any CPU
		{7F3AD1CF-F64E-4CCE-A3DC-7D9BCA833C63}.Release|Any CPU.ActiveCfg = Release|Any CPU
		{7F3AD1CF-F64E-4CCE-A3DC-7D9BCA833C63}.Release|Any CPU.Build.0 = Release|Any CPU
	EndGlobalSection
	GlobalSection(SolutionProperties) = preSolution
		HideSolutionNode = FALSE
	EndGlobalSection
	GlobalSection(ExtensibilityGlobals) = postSolution
		SolutionGuid = {5A8D40F8-0BD4-417B-BFCB-7749CFEE4AC7}
	EndGlobalSection
EndGlobal
